
Microsoft Visual Studio Solution File, Format Version 12.00
# Visual Studio 15
VisualStudioVersion = 15.0.26228.9
MinimumVisualStudioVersion = 10.0.40219.1
Project("{FAE04EC0-301F-11D3-BF4B-00C04F79EFBC}") = "UnixTestApp", "UnixTestApp\UnixTestApp.csproj", "{F5F601A0-905A-4302-B07A-78FC7DB79B31}"
EndProject
Project("{FAE04EC0-301F-11D3-BF4B-00C04F79EFBC}") = "UnixTestApp.Tests", "UnixTestApp.Tests\UnixTestApp.Tests.csproj", "{6B64B8AE-942A-4A61-85A1-DEBF01E20F70}"
EndProject
Global
	GlobalSection(SolutionConfigurationPlatforms) = preSolution
		Debug|Any CPU = Debug|Any CPU
		Release|Any CPU = Release|Any CPU
	EndGlobalSection
	GlobalSection(ProjectConfigurationPlatforms) = postSolution
		{F5F601A0-905A-4302-B07A-78FC7DB79B31}.Debug|Any CPU.ActiveCfg = Debug|Any CPU
		{F5F601A0-905A-4302-B07A-78FC7DB79B31}.Debug|Any CPU.Build.0 = Debug|Any CPU
		{F5F601A0-905A-4302-B07A-78FC7DB79B31}.Release|Any CPU.ActiveCfg = Release|Any CPU
		{F5F601A0-905A-4302-B07A-78FC7DB79B31}.Release|Any CPU.Build.0 = Release|Any CPU
		{6B64B8AE-942A-4A61-85A1-DEBF01E20F70}.Debug|Any CPU.ActiveCfg = Debug|Any CPU
		{6B64B8AE-942A-4A61-85A1-DEBF01E20F70}.Debug|Any CPU.Build.0 = Debug|Any CPU
		{6B64B8AE-942A-4A61-85A1-DEBF01E20F70}.Release|Any CPU.ActiveCfg = Release|Any CPU
		{6B64B8AE-942A-4A61-85A1-DEBF01E20F70}.Release|Any CPU.Build.0 = Release|Any CPU
	EndGlobalSection
	GlobalSection(SolutionProperties) = preSolution
		HideSolutionNode = FALSE
	EndGlobalSection
EndGlobal
